
Microsoft Visual Studio Solution File, Format Version 11.00
# Visual Studio 2010
Project("{FAE04EC0-301F-11D3-BF4B-00C04F79EFBC}") = "Assembly-CSharp", "Assembly-CSharp.csproj", "{8CC58FA1-59F1-06E3-4A37-8E269FE184C5}"
EndProject
Project("{FAE04EC0-301F-11D3-BF4B-00C04F79EFBC}") = "Assembly-CSharp-firstpass", "Assembly-CSharp-firstpass.csproj", "{01CA8D49-C64B-1EFD-1820-5E77A43E8988}"
EndProject
Project("{FAE04EC0-301F-11D3-BF4B-00C04F79EFBC}") = "Assembly-CSharp-Editor-firstpass", "Assembly-CSharp-Editor-firstpass.csproj", "{F364E3B1-44F3-FCF5-78AD-59F982B04BC1}"
EndProject
Project("{FAE04EC0-301F-11D3-BF4B-00C04F79EFBC}") = "Assembly-CSharp-Editor", "Assembly-CSharp-Editor.csproj", "{0743280C-5454-A397-AD2B-FEDA34A53AE0}"
EndProject
Global
	GlobalSection(SolutionConfigurationPlatforms) = preSolution
		Debug|Any CPU = Debug|Any CPU
		Release|Any CPU = Release|Any CPU
	EndGlobalSection
	GlobalSection(ProjectConfigurationPlatforms) = postSolution
		{8CC58FA1-59F1-06E3-4A37-8E269FE184C5}.Debug|Any CPU.ActiveCfg = Debug|Any CPU
		{8CC58FA1-59F1-06E3-4A37-8E269FE184C5}.Debug|Any CPU.Build.0 = Debug|Any CPU
		{8CC58FA1-59F1-06E3-4A37-8E269FE184C5}.Release|Any CPU.ActiveCfg = Release|Any CPU
		{8CC58FA1-59F1-06E3-4A37-8E269FE184C5}.Release|Any CPU.Build.0 = Release|Any CPU
		{01CA8D49-C64B-1EFD-1820-5E77A43E8988}.Debug|Any CPU.ActiveCfg = Debug|Any CPU
		{01CA8D49-C64B-1EFD-1820-5E77A43E8988}.Debug|Any CPU.Build.0 = Debug|Any CPU
		{01CA8D49-C64B-1EFD-1820-5E77A43E8988}.Release|Any CPU.ActiveCfg = Release|Any CPU
		{01CA8D49-C64B-1EFD-1820-5E77A43E8988}.Release|Any CPU.Build.0 = Release|Any CPU
		{F364E3B1-44F3-FCF5-78AD-59F982B04BC1}.Debug|Any CPU.ActiveCfg = Debug|Any CPU
		{F364E3B1-44F3-FCF5-78AD-59F982B04BC1}.Debug|Any CPU.Build.0 = Debug|Any CPU
		{F364E3B1-44F3-FCF5-78AD-59F982B04BC1}.Release|Any CPU.ActiveCfg = Release|Any CPU
		{F364E3B1-44F3-FCF5-78AD-59F982B04BC1}.Release|Any CPU.Build.0 = Release|Any CPU
		{0743280C-5454-A397-AD2B-FEDA34A53AE0}.Debug|Any CPU.ActiveCfg = Debug|Any CPU
		{0743280C-5454-A397-AD2B-FEDA34A53AE0}.Debug|Any CPU.Build.0 = Debug|Any CPU
		{0743280C-5454-A397-AD2B-FEDA34A53AE0}.Release|Any CPU.ActiveCfg = Release|Any CPU
		{0743280C-5454-A397-AD2B-FEDA34A53AE0}.Release|Any CPU.Build.0 = Release|Any CPU
	EndGlobalSection
	GlobalSection(SolutionProperties) = preSolution
		HideSolutionNode = FALSE
	EndGlobalSection
	GlobalSection(MonoDevelopProperties) = preSolution
		StartupItem = Assembly-CSharp.csproj
	EndGlobalSection
EndGlobal
